// !$*UTF8*$!
{
	archiveVersion = 1;
	classes = {
	};
	objectVersion = 55;
	objects = {

/* Begin PBXBuildFile section */
		C810FF23284FBBBB00B4BCAF /* CollectionCellView.swift in Sources */ = {isa = PBXBuildFile; fileRef = C810FF22284FBBBB00B4BCAF /* CollectionCellView.swift */; };
		C810FF27284FBF3B00B4BCAF /* ColorExtension.swift in Sources */ = {isa = PBXBuildFile; fileRef = C810FF26284FBF3B00B4BCAF /* ColorExtension.swift */; };
		C830325A284FF29E00683C6F /* CellContent.swift in Sources */ = {isa = PBXBuildFile; fileRef = C8303259284FF29E00683C6F /* CellContent.swift */; };
		C830326128510AB300683C6F /* CollectionGridView.swift in Sources */ = {isa = PBXBuildFile; fileRef = C830326028510AB300683C6F /* CollectionGridView.swift */; };
		C830326328510B3200683C6F /* ButtonView.swift in Sources */ = {isa = PBXBuildFile; fileRef = C830326228510B3200683C6F /* ButtonView.swift */; };
		DF1115C32860E9AC00F352D1 /* StoreView.swift in Sources */ = {isa = PBXBuildFile; fileRef = DF1115C22860E9AC00F352D1 /* StoreView.swift */; };
		DF14D26B2851160800F0AC6E /* ARViewContainer.swift in Sources */ = {isa = PBXBuildFile; fileRef = DF14D26A2851160800F0AC6E /* ARViewContainer.swift */; };
		DF4636C6285BC21500B3CBE9 /* PDFKitView.swift in Sources */ = {isa = PBXBuildFile; fileRef = DF4636C5285BC21500B3CBE9 /* PDFKitView.swift */; };
		DF765B1C28637F250049ACB0 /* PackageContent.swift in Sources */ = {isa = PBXBuildFile; fileRef = DF765B1B28637F250049ACB0 /* PackageContent.swift */; };
		DF7A7E222860D98900F5D0A9 /* ItemStoreView.swift in Sources */ = {isa = PBXBuildFile; fileRef = DF7A7E212860D98900F5D0A9 /* ItemStoreView.swift */; };
		DF7BC417286A21D10051AD1A /* OnBoardingView.swift in Sources */ = {isa = PBXBuildFile; fileRef = DF7BC416286A21D10051AD1A /* OnBoardingView.swift */; };
		DF8D0D75284E8C9500355702 /* AppDelegate.swift in Sources */ = {isa = PBXBuildFile; fileRef = DF8D0D74284E8C9500355702 /* AppDelegate.swift */; };
		DF8D0D77284E8C9500355702 /* ContentView.swift in Sources */ = {isa = PBXBuildFile; fileRef = DF8D0D76284E8C9500355702 /* ContentView.swift */; };
		DF8D0D79284E8C9500355702 /* Experience.rcproject in Sources */ = {isa = PBXBuildFile; fileRef = DF8D0D78284E8C9500355702 /* Experience.rcproject */; };
		DF8D0D7B284E8C9700355702 /* Assets.xcassets in Resources */ = {isa = PBXBuildFile; fileRef = DF8D0D7A284E8C9700355702 /* Assets.xcassets */; };
		DF8D0D7E284E8C9700355702 /* Preview Assets.xcassets in Resources */ = {isa = PBXBuildFile; fileRef = DF8D0D7D284E8C9700355702 /* Preview Assets.xcassets */; };
		DF9FBA18286A16B400711ED7 /* TextView.swift in Sources */ = {isa = PBXBuildFile; fileRef = DF9FBA17286A16B400711ED7 /* TextView.swift */; };
		DFABBBED28639147000C6616 /* lucaHummel.elementar.Store.IAP.ElementarDeck.pdf in Resources */ = {isa = PBXBuildFile; fileRef = DFABBBEC28639147000C6616 /* lucaHummel.elementar.Store.IAP.ElementarDeck.pdf */; };
		DFDD9BF52867449B0060B097 /* StoreKit.framework in Frameworks */ = {isa = PBXBuildFile; fileRef = DFDD9BF42867449B0060B097 /* StoreKit.framework */; };
		DFDD9BF8286744D00060B097 /* StoreManager.swift in Sources */ = {isa = PBXBuildFile; fileRef = DFDD9BF7286744D00060B097 /* StoreManager.swift */; };
/* End PBXBuildFile section */

/* Begin PBXFileReference section */
		C810FF22284FBBBB00B4BCAF /* CollectionCellView.swift */ = {isa = PBXFileReference; lastKnownFileType = sourcecode.swift; path = CollectionCellView.swift; sourceTree = "<group>"; };
		C810FF26284FBF3B00B4BCAF /* ColorExtension.swift */ = {isa = PBXFileReference; lastKnownFileType = sourcecode.swift; path = ColorExtension.swift; sourceTree = "<group>"; };
		C8303259284FF29E00683C6F /* CellContent.swift */ = {isa = PBXFileReference; lastKnownFileType = sourcecode.swift; path = CellContent.swift; sourceTree = "<group>"; };
		C830326028510AB300683C6F /* CollectionGridView.swift */ = {isa = PBXFileReference; lastKnownFileType = sourcecode.swift; path = CollectionGridView.swift; sourceTree = "<group>"; };
		C830326228510B3200683C6F /* ButtonView.swift */ = {isa = PBXFileReference; lastKnownFileType = sourcecode.swift; path = ButtonView.swift; sourceTree = "<group>"; };
		DF1115C22860E9AC00F352D1 /* StoreView.swift */ = {isa = PBXFileReference; lastKnownFileType = sourcecode.swift; path = StoreView.swift; sourceTree = "<group>"; };
		DF14D26A2851160800F0AC6E /* ARViewContainer.swift */ = {isa = PBXFileReference; lastKnownFileType = sourcecode.swift; path = ARViewContainer.swift; sourceTree = "<group>"; };
		DF4636C5285BC21500B3CBE9 /* PDFKitView.swift */ = {isa = PBXFileReference; lastKnownFileType = sourcecode.swift; path = PDFKitView.swift; sourceTree = "<group>"; };
		DF765B1B28637F250049ACB0 /* PackageContent.swift */ = {isa = PBXFileReference; lastKnownFileType = sourcecode.swift; path = PackageContent.swift; sourceTree = "<group>"; };
		DF7A7E212860D98900F5D0A9 /* ItemStoreView.swift */ = {isa = PBXFileReference; lastKnownFileType = sourcecode.swift; path = ItemStoreView.swift; sourceTree = "<group>"; };
		DF7BC416286A21D10051AD1A /* OnBoardingView.swift */ = {isa = PBXFileReference; lastKnownFileType = sourcecode.swift; path = OnBoardingView.swift; sourceTree = "<group>"; };
		DF8D0D71284E8C9500355702 /* POC-ARswiftui.app */ = {isa = PBXFileReference; explicitFileType = wrapper.application; includeInIndex = 0; path = "POC-ARswiftui.app"; sourceTree = BUILT_PRODUCTS_DIR; };
		DF8D0D74284E8C9500355702 /* AppDelegate.swift */ = {isa = PBXFileReference; lastKnownFileType = sourcecode.swift; path = AppDelegate.swift; sourceTree = "<group>"; };
		DF8D0D76284E8C9500355702 /* ContentView.swift */ = {isa = PBXFileReference; lastKnownFileType = sourcecode.swift; path = ContentView.swift; sourceTree = "<group>"; };
		DF8D0D78284E8C9500355702 /* Experience.rcproject */ = {isa = PBXFileReference; lastKnownFileType = file.rcproject; path = Experience.rcproject; sourceTree = "<group>"; };
		DF8D0D7A284E8C9700355702 /* Assets.xcassets */ = {isa = PBXFileReference; lastKnownFileType = folder.assetcatalog; path = Assets.xcassets; sourceTree = "<group>"; };
		DF8D0D7D284E8C9700355702 /* Preview Assets.xcassets */ = {isa = PBXFileReference; lastKnownFileType = folder.assetcatalog; path = "Preview Assets.xcassets"; sourceTree = "<group>"; };
		DF8D0D84284E8F5300355702 /* Info.plist */ = {isa = PBXFileReference; lastKnownFileType = text.plist; path = Info.plist; sourceTree = "<group>"; };
		DF9FBA17286A16B400711ED7 /* TextView.swift */ = {isa = PBXFileReference; lastKnownFileType = sourcecode.swift; path = TextView.swift; sourceTree = "<group>"; };
		DFABBBEC28639147000C6616 /* lucaHummel.elementar.Store.IAP.ElementarDeck.pdf */ = {isa = PBXFileReference; lastKnownFileType = image.pdf; path = lucaHummel.elementar.Store.IAP.ElementarDeck.pdf; sourceTree = "<group>"; };
		DFDD9BF42867449B0060B097 /* StoreKit.framework */ = {isa = PBXFileReference; lastKnownFileType = wrapper.framework; name = StoreKit.framework; path = System/Library/Frameworks/StoreKit.framework; sourceTree = SDKROOT; };
		DFDD9BF7286744D00060B097 /* StoreManager.swift */ = {isa = PBXFileReference; lastKnownFileType = sourcecode.swift; path = StoreManager.swift; sourceTree = "<group>"; };
/* End PBXFileReference section */

/* Begin PBXFrameworksBuildPhase section */
		DF8D0D6E284E8C9500355702 /* Frameworks */ = {
			isa = PBXFrameworksBuildPhase;
			buildActionMask = 2147483647;
			files = (
				DFDD9BF52867449B0060B097 /* StoreKit.framework in Frameworks */,
			);
			runOnlyForDeploymentPostprocessing = 0;
		};
/* End PBXFrameworksBuildPhase section */

/* Begin PBXGroup section */
		C830325D28510A1300683C6F /* Views */ = {
			isa = PBXGroup;
			children = (
				DF4636C5285BC21500B3CBE9 /* PDFKitView.swift */,
				C810FF22284FBBBB00B4BCAF /* CollectionCellView.swift */,
				C830326028510AB300683C6F /* CollectionGridView.swift */,
				C830326228510B3200683C6F /* ButtonView.swift */,
				DF7A7E212860D98900F5D0A9 /* ItemStoreView.swift */,
				DF1115C22860E9AC00F352D1 /* StoreView.swift */,
				DF7BC416286A21D10051AD1A /* OnBoardingView.swift */,
				DF9FBA17286A16B400711ED7 /* TextView.swift */,
			);
			path = Views;
			sourceTree = "<group>";
		};
		C830325E28510A3000683C6F /* Structs */ = {
			isa = PBXGroup;
			children = (
				C8303259284FF29E00683C6F /* CellContent.swift */,
				DF765B1B28637F250049ACB0 /* PackageContent.swift */,
			);
			path = Structs;
			sourceTree = "<group>";
		};
		C830325F28510A5000683C6F /* Utils */ = {
			isa = PBXGroup;
			children = (
				C810FF26284FBF3B00B4BCAF /* ColorExtension.swift */,
			);
			path = Utils;
			sourceTree = "<group>";
		};
		DF8D0D68284E8C9500355702 = {
			isa = PBXGroup;
			children = (
				DF8D0D73284E8C9500355702 /* POC-ARswiftui */,
				DF8D0D72284E8C9500355702 /* Products */,
				DFDD9BF32867449B0060B097 /* Frameworks */,
			);
			sourceTree = "<group>";
		};
		DF8D0D72284E8C9500355702 /* Products */ = {
			isa = PBXGroup;
			children = (
				DF8D0D71284E8C9500355702 /* POC-ARswiftui.app */,
			);
			name = Products;
			sourceTree = "<group>";
		};
		DF8D0D73284E8C9500355702 /* POC-ARswiftui */ = {
			isa = PBXGroup;
			children = (
				DFDD9BF6286744BD0060B097 /* in-appPurchase */,
				C830325F28510A5000683C6F /* Utils */,
				C830325E28510A3000683C6F /* Structs */,
				C830325D28510A1300683C6F /* Views */,
				DF8D0D84284E8F5300355702 /* Info.plist */,
				DF8D0D74284E8C9500355702 /* AppDelegate.swift */,
				DF8D0D76284E8C9500355702 /* ContentView.swift */,
				DF14D26A2851160800F0AC6E /* ARViewContainer.swift */,
				DF8D0D78284E8C9500355702 /* Experience.rcproject */,
				DF8D0D7A284E8C9700355702 /* Assets.xcassets */,
				DFABBBEC28639147000C6616 /* lucaHummel.elementar.Store.IAP.ElementarDeck.pdf */,
				DF8D0D7C284E8C9700355702 /* Preview Content */,
			);
			path = "POC-ARswiftui";
			sourceTree = "<group>";
		};
		DF8D0D7C284E8C9700355702 /* Preview Content */ = {
			isa = PBXGroup;
			children = (
				DF8D0D7D284E8C9700355702 /* Preview Assets.xcassets */,
			);
			path = "Preview Content";
			sourceTree = "<group>";
		};
		DFDD9BF32867449B0060B097 /* Frameworks */ = {
			isa = PBXGroup;
			children = (
				DFDD9BF42867449B0060B097 /* StoreKit.framework */,
			);
			name = Frameworks;
			sourceTree = "<group>";
		};
		DFDD9BF6286744BD0060B097 /* in-appPurchase */ = {
			isa = PBXGroup;
			children = (
				DFDD9BF7286744D00060B097 /* StoreManager.swift */,
			);
			path = "in-appPurchase";
			sourceTree = "<group>";
		};
/* End PBXGroup section */

/* Begin PBXNativeTarget section */
		DF8D0D70284E8C9500355702 /* POC-ARswiftui */ = {
			isa = PBXNativeTarget;
			buildConfigurationList = DF8D0D81284E8C9700355702 /* Build configuration list for PBXNativeTarget "POC-ARswiftui" */;
			buildPhases = (
				DF8D0D6D284E8C9500355702 /* Sources */,
				DF8D0D6E284E8C9500355702 /* Frameworks */,
				DF8D0D6F284E8C9500355702 /* Resources */,
			);
			buildRules = (
			);
			dependencies = (
			);
			name = "POC-ARswiftui";
			productName = "POC-ARswiftui";
			productReference = DF8D0D71284E8C9500355702 /* POC-ARswiftui.app */;
			productType = "com.apple.product-type.application";
		};
/* End PBXNativeTarget section */

/* Begin PBXProject section */
		DF8D0D69284E8C9500355702 /* Project object */ = {
			isa = PBXProject;
			attributes = {
				BuildIndependentTargetsInParallel = 1;
				LastSwiftUpdateCheck = 1330;
				LastUpgradeCheck = 1330;
				TargetAttributes = {
					DF8D0D70284E8C9500355702 = {
						CreatedOnToolsVersion = 13.3.1;
					};
				};
			};
			buildConfigurationList = DF8D0D6C284E8C9500355702 /* Build configuration list for PBXProject "ElementAR" */;
			compatibilityVersion = "Xcode 13.0";
			developmentRegion = en;
			hasScannedForEncodings = 0;
			knownRegions = (
				en,
				Base,
			);
			mainGroup = DF8D0D68284E8C9500355702;
			productRefGroup = DF8D0D72284E8C9500355702 /* Products */;
			projectDirPath = "";
			projectRoot = "";
			targets = (
				DF8D0D70284E8C9500355702 /* POC-ARswiftui */,
			);
		};
/* End PBXProject section */

/* Begin PBXResourcesBuildPhase section */
		DF8D0D6F284E8C9500355702 /* Resources */ = {
			isa = PBXResourcesBuildPhase;
			buildActionMask = 2147483647;
			files = (
				DF8D0D7E284E8C9700355702 /* Preview Assets.xcassets in Resources */,
				DF8D0D7B284E8C9700355702 /* Assets.xcassets in Resources */,
				DFABBBED28639147000C6616 /* lucaHummel.elementar.Store.IAP.ElementarDeck.pdf in Resources */,
			);
			runOnlyForDeploymentPostprocessing = 0;
		};
/* End PBXResourcesBuildPhase section */

/* Begin PBXSourcesBuildPhase section */
		DF8D0D6D284E8C9500355702 /* Sources */ = {
			isa = PBXSourcesBuildPhase;
			buildActionMask = 2147483647;
			files = (
				C830326128510AB300683C6F /* CollectionGridView.swift in Sources */,
				DFDD9BF8286744D00060B097 /* StoreManager.swift in Sources */,
				DF8D0D77284E8C9500355702 /* ContentView.swift in Sources */,
				DF8D0D75284E8C9500355702 /* AppDelegate.swift in Sources */,
				C810FF23284FBBBB00B4BCAF /* CollectionCellView.swift in Sources */,
				DF1115C32860E9AC00F352D1 /* StoreView.swift in Sources */,
				DF8D0D79284E8C9500355702 /* Experience.rcproject in Sources */,
				DF14D26B2851160800F0AC6E /* ARViewContainer.swift in Sources */,
				C810FF27284FBF3B00B4BCAF /* ColorExtension.swift in Sources */,
				DF9FBA18286A16B400711ED7 /* TextView.swift in Sources */,
				C830326328510B3200683C6F /* ButtonView.swift in Sources */,
				DF7BC417286A21D10051AD1A /* OnBoardingView.swift in Sources */,
				DF765B1C28637F250049ACB0 /* PackageContent.swift in Sources */,
				DF7A7E222860D98900F5D0A9 /* ItemStoreView.swift in Sources */,
				DF4636C6285BC21500B3CBE9 /* PDFKitView.swift in Sources */,
				C830325A284FF29E00683C6F /* CellContent.swift in Sources */,
			);
			runOnlyForDeploymentPostprocessing = 0;
		};
/* End PBXSourcesBuildPhase section */

/* Begin XCBuildConfiguration section */
		DF8D0D7F284E8C9700355702 /* Debug */ = {
			isa = XCBuildConfiguration;
			buildSettings = {
				ALWAYS_SEARCH_USER_PATHS = NO;
				CLANG_ANALYZER_NONNULL = YES;
				CLANG_ANALYZER_NUMBER_OBJECT_CONVERSION = YES_AGGRESSIVE;
				CLANG_CXX_LANGUAGE_STANDARD = "gnu++17";
				CLANG_ENABLE_MODULES = YES;
				CLANG_ENABLE_OBJC_ARC = YES;
				CLANG_ENABLE_OBJC_WEAK = YES;
				CLANG_WARN_BLOCK_CAPTURE_AUTORELEASING = YES;
				CLANG_WARN_BOOL_CONVERSION = YES;
				CLANG_WARN_COMMA = YES;
				CLANG_WARN_CONSTANT_CONVERSION = YES;
				CLANG_WARN_DEPRECATED_OBJC_IMPLEMENTATIONS = YES;
				CLANG_WARN_DIRECT_OBJC_ISA_USAGE = YES_ERROR;
				CLANG_WARN_DOCUMENTATION_COMMENTS = YES;
				CLANG_WARN_EMPTY_BODY = YES;
				CLANG_WARN_ENUM_CONVERSION = YES;
				CLANG_WARN_INFINITE_RECURSION = YES;
				CLANG_WARN_INT_CONVERSION = YES;
				CLANG_WARN_NON_LITERAL_NULL_CONVERSION = YES;
				CLANG_WARN_OBJC_IMPLICIT_RETAIN_SELF = YES;
				CLANG_WARN_OBJC_LITERAL_CONVERSION = YES;
				CLANG_WARN_OBJC_ROOT_CLASS = YES_ERROR;
				CLANG_WARN_QUOTED_INCLUDE_IN_FRAMEWORK_HEADER = YES;
				CLANG_WARN_RANGE_LOOP_ANALYSIS = YES;
				CLANG_WARN_STRICT_PROTOTYPES = YES;
				CLANG_WARN_SUSPICIOUS_MOVE = YES;
				CLANG_WARN_UNGUARDED_AVAILABILITY = YES_AGGRESSIVE;
				CLANG_WARN_UNREACHABLE_CODE = YES;
				CLANG_WARN__DUPLICATE_METHOD_MATCH = YES;
				COPY_PHASE_STRIP = NO;
				DEBUG_INFORMATION_FORMAT = dwarf;
				ENABLE_STRICT_OBJC_MSGSEND = YES;
				ENABLE_TESTABILITY = YES;
				GCC_C_LANGUAGE_STANDARD = gnu11;
				GCC_DYNAMIC_NO_PIC = NO;
				GCC_NO_COMMON_BLOCKS = YES;
				GCC_OPTIMIZATION_LEVEL = 0;
				GCC_PREPROCESSOR_DEFINITIONS = (
					"DEBUG=1",
					"$(inherited)",
				);
				GCC_WARN_64_TO_32_BIT_CONVERSION = YES;
				GCC_WARN_ABOUT_RETURN_TYPE = YES_ERROR;
				GCC_WARN_UNDECLARED_SELECTOR = YES;
				GCC_WARN_UNINITIALIZED_AUTOS = YES_AGGRESSIVE;
				GCC_WARN_UNUSED_FUNCTION = YES;
				GCC_WARN_UNUSED_VARIABLE = YES;
				IPHONEOS_DEPLOYMENT_TARGET = 15.4;
				MTL_ENABLE_DEBUG_INFO = INCLUDE_SOURCE;
				MTL_FAST_MATH = YES;
				ONLY_ACTIVE_ARCH = YES;
				SDKROOT = iphoneos;
				SWIFT_ACTIVE_COMPILATION_CONDITIONS = DEBUG;
				SWIFT_OPTIMIZATION_LEVEL = "-Onone";
			};
			name = Debug;
		};
		DF8D0D80284E8C9700355702 /* Release */ = {
			isa = XCBuildConfiguration;
			buildSettings = {
				ALWAYS_SEARCH_USER_PATHS = NO;
				CLANG_ANALYZER_NONNULL = YES;
				CLANG_ANALYZER_NUMBER_OBJECT_CONVERSION = YES_AGGRESSIVE;
				CLANG_CXX_LANGUAGE_STANDARD = "gnu++17";
				CLANG_ENABLE_MODULES = YES;
				CLANG_ENABLE_OBJC_ARC = YES;
				CLANG_ENABLE_OBJC_WEAK = YES;
				CLANG_WARN_BLOCK_CAPTURE_AUTORELEASING = YES;
				CLANG_WARN_BOOL_CONVERSION = YES;
				CLANG_WARN_COMMA = YES;
				CLANG_WARN_CONSTANT_CONVERSION = YES;
				CLANG_WARN_DEPRECATED_OBJC_IMPLEMENTATIONS = YES;
				CLANG_WARN_DIRECT_OBJC_ISA_USAGE = YES_ERROR;
				CLANG_WARN_DOCUMENTATION_COMMENTS = YES;
				CLANG_WARN_EMPTY_BODY = YES;
				CLANG_WARN_ENUM_CONVERSION = YES;
				CLANG_WARN_INFINITE_RECURSION = YES;
				CLANG_WARN_INT_CONVERSION = YES;
				CLANG_WARN_NON_LITERAL_NULL_CONVERSION = YES;
				CLANG_WARN_OBJC_IMPLICIT_RETAIN_SELF = YES;
				CLANG_WARN_OBJC_LITERAL_CONVERSION = YES;
				CLANG_WARN_OBJC_ROOT_CLASS = YES_ERROR;
				CLANG_WARN_QUOTED_INCLUDE_IN_FRAMEWORK_HEADER = YES;
				CLANG_WARN_RANGE_LOOP_ANALYSIS = YES;
				CLANG_WARN_STRICT_PROTOTYPES = YES;
				CLANG_WARN_SUSPICIOUS_MOVE = YES;
				CLANG_WARN_UNGUARDED_AVAILABILITY = YES_AGGRESSIVE;
				CLANG_WARN_UNREACHABLE_CODE = YES;
				CLANG_WARN__DUPLICATE_METHOD_MATCH = YES;
				COPY_PHASE_STRIP = NO;
				DEBUG_INFORMATION_FORMAT = "dwarf-with-dsym";
				ENABLE_NS_ASSERTIONS = NO;
				ENABLE_STRICT_OBJC_MSGSEND = YES;
				GCC_C_LANGUAGE_STANDARD = gnu11;
				GCC_NO_COMMON_BLOCKS = YES;
				GCC_WARN_64_TO_32_BIT_CONVERSION = YES;
				GCC_WARN_ABOUT_RETURN_TYPE = YES_ERROR;
				GCC_WARN_UNDECLARED_SELECTOR = YES;
				GCC_WARN_UNINITIALIZED_AUTOS = YES_AGGRESSIVE;
				GCC_WARN_UNUSED_FUNCTION = YES;
				GCC_WARN_UNUSED_VARIABLE = YES;
				IPHONEOS_DEPLOYMENT_TARGET = 15.4;
				MTL_ENABLE_DEBUG_INFO = NO;
				MTL_FAST_MATH = YES;
				SDKROOT = iphoneos;
				SWIFT_COMPILATION_MODE = wholemodule;
				SWIFT_OPTIMIZATION_LEVEL = "-O";
				VALIDATE_PRODUCT = YES;
			};
			name = Release;
		};
		DF8D0D82284E8C9700355702 /* Debug */ = {
			isa = XCBuildConfiguration;
			buildSettings = {
				ASSETCATALOG_COMPILER_APPICON_NAME = AppIcon;
				ASSETCATALOG_COMPILER_GLOBAL_ACCENT_COLOR_NAME = AccentColor;
				CODE_SIGN_STYLE = Automatic;
				CURRENT_PROJECT_VERSION = 4;
				DEVELOPMENT_ASSET_PATHS = "\"POC-ARswiftui/Preview Content\"";
				DEVELOPMENT_TEAM = TX88D8XM39;
				ENABLE_PREVIEWS = YES;
				GENERATE_INFOPLIST_FILE = YES;
				INFOPLIST_FILE = "POC-ARswiftui/Info.plist";
				INFOPLIST_KEY_CFBundleDisplayName = ElementAR;
				INFOPLIST_KEY_NSCameraUsageDescription = "We need access to create AR";
				INFOPLIST_KEY_UIApplicationSupportsIndirectInputEvents = YES;
				INFOPLIST_KEY_UILaunchScreen_Generation = YES;
				INFOPLIST_KEY_UIRequiredDeviceCapabilities = arkit;
				INFOPLIST_KEY_UIStatusBarHidden = YES;
				INFOPLIST_KEY_UISupportedInterfaceOrientations = UIInterfaceOrientationPortrait;
				INFOPLIST_KEY_UISupportedInterfaceOrientations_iPad = "UIInterfaceOrientationPortrait UIInterfaceOrientationPortraitUpsideDown UIInterfaceOrientationLandscapeLeft UIInterfaceOrientationLandscapeRight";
				INFOPLIST_KEY_UISupportedInterfaceOrientations_iPhone = UIInterfaceOrientationPortrait;
				IPHONEOS_DEPLOYMENT_TARGET = 15.0;
				LD_RUNPATH_SEARCH_PATHS = (
					"$(inherited)",
					"@executable_path/Frameworks",
				);
				MARKETING_VERSION = 0.1;
				PRODUCT_BUNDLE_IDENTIFIER = lucaHummel.elementar;
				PRODUCT_NAME = "$(TARGET_NAME)";
				SWIFT_EMIT_LOC_STRINGS = YES;
				SWIFT_VERSION = 5.0;
				TARGETED_DEVICE_FAMILY = 1;
			};
			name = Debug;
		};
		DF8D0D83284E8C9700355702 /* Release */ = {
			isa = XCBuildConfiguration;
			buildSettings = {
				ASSETCATALOG_COMPILER_APPICON_NAME = AppIcon;
				ASSETCATALOG_COMPILER_GLOBAL_ACCENT_COLOR_NAME = AccentColor;
				CODE_SIGN_STYLE = Automatic;
				CURRENT_PROJECT_VERSION = 4;
				DEVELOPMENT_ASSET_PATHS = "\"POC-ARswiftui/Preview Content\"";
				DEVELOPMENT_TEAM = TX88D8XM39;
				ENABLE_PREVIEWS = YES;
				GENERATE_INFOPLIST_FILE = YES;
				INFOPLIST_FILE = "POC-ARswiftui/Info.plist";
				INFOPLIST_KEY_CFBundleDisplayName = ElementAR;
				INFOPLIST_KEY_NSCameraUsageDescription = "We need access to create AR";
				INFOPLIST_KEY_UIApplicationSupportsIndirectInputEvents = YES;
				INFOPLIST_KEY_UILaunchScreen_Generation = YES;
				INFOPLIST_KEY_UIRequiredDeviceCapabilities = arkit;
				INFOPLIST_KEY_UIStatusBarHidden = YES;
				INFOPLIST_KEY_UISupportedInterfaceOrientations = UIInterfaceOrientationPortrait;
				INFOPLIST_KEY_UISupportedInterfaceOrientations_iPad = "UIInterfaceOrientationPortrait UIInterfaceOrientationPortraitUpsideDown UIInterfaceOrientationLandscapeLeft UIInterfaceOrientationLandscapeRight";
				INFOPLIST_KEY_UISupportedInterfaceOrientations_iPhone = UIInterfaceOrientationPortrait;
				IPHONEOS_DEPLOYMENT_TARGET = 15.0;
				LD_RUNPATH_SEARCH_PATHS = (
					"$(inherited)",
					"@executable_path/Frameworks",
				);
				MARKETING_VERSION = 0.1;
				PRODUCT_BUNDLE_IDENTIFIER = lucaHummel.elementar;
				PRODUCT_NAME = "$(TARGET_NAME)";
				SWIFT_EMIT_LOC_STRINGS = YES;
				SWIFT_VERSION = 5.0;
				TARGETED_DEVICE_FAMILY = 1;
			};
			name = Release;
		};
/* End XCBuildConfiguration section */

/* Begin XCConfigurationList section */
		DF8D0D6C284E8C9500355702 /* Build configuration list for PBXProject "ElementAR" */ = {
			isa = XCConfigurationList;
			buildConfigurations = (
				DF8D0D7F284E8C9700355702 /* Debug */,
				DF8D0D80284E8C9700355702 /* Release */,
			);
			defaultConfigurationIsVisible = 0;
			defaultConfigurationName = Release;
		};
		DF8D0D81284E8C9700355702 /* Build configuration list for PBXNativeTarget "POC-ARswiftui" */ = {
			isa = XCConfigurationList;
			buildConfigurations = (
				DF8D0D82284E8C9700355702 /* Debug */,
				DF8D0D83284E8C9700355702 /* Release */,
			);
			defaultConfigurationIsVisible = 0;
			defaultConfigurationName = Release;
		};
/* End XCConfigurationList section */
	};
	rootObject = DF8D0D69284E8C9500355702 /* Project object */;
}
